github.com/armon/go-radix v0.0.0-20170727155443-1fca145dffbc h1:/WQ8Tr5zbclKWAtvafIcAk/njNpW3gtd22TLLouv+6Q=
github.com/armon/go-radix v0.0.0-20170727155443-1fca145dffbc/go.mod h1:ufUuZ+zHj4x4TnLV4JWEpy2hxWSpsRywHrMgIH9cCH8=
github.com/davecgh/go-spew v1.1.1 h1:vj9j/u1bqnvCEfJOwUhtlOARqs3+rkHYY13jYWTU97c=
github.com/davecgh/go-spew v1.1.1/go.mod h1:J7Y8YcW2NihsgmVo/mv3lAwl/skON4iLHjSsI+c5H38=
github.com/dgrijalva/jwt-go v3.2.0+incompatible h1:7qlOGliEKZXTDg6OTjfoBKDXWrumCAMpl/TFQ4/5kLM=
github.com/dgrijalva/jwt-go v3.2.0+incompatible/go.mod h1:E3ru+11k8xSBh+hMPgOLZmtrrCbhqsmaPHjLKYnJCaQ=
github.com/globalsign/mgo v0.0.0-20180220100256-baa28fcb8e7d h1:Sfy0I4L3SL8fDI/8XU7GTWjmeOvkSl4EwKo3pr2K7Ns=
github.com/globalsign/mgo v0.0.0-20180220100256-baa28fcb8e7d/go.mod h1:xkRDCp4j0OGD1HRkm4kmhM+pmpv3AKq5SU7GMg4oO/Q=
github.com/joho/godotenv v1.2.0 h1:vGTvz69FzUFp+X4/bAkb0j5BoLC+9bpqTWY8mjhA9pc=
github.com/joho/godotenv v1.2.0/go.mod h1:7hK45KPybAkOC6peb+G5yklZfMxEjkZhHbwpqxOKXbg=
github.com/kr/pretty v0.2.1 h1:Fmg33tUaq4/8ym9TJN1x7sLJnHVwhP33CNkpYV/7rwI=
github.com/kr/pretty v0.2.1/go.mod h1:ipq/a2n7PKx3OHsz4KJII5eveXtPO4qwEXGdVfWzfnI=
github.com/kr/pty v1.1.1/go.mod h1:pFQYn66WHrOpPYNljwOMqo10TkYh1fy3cYio2l3bCsQ=
github.com/kr/text v0.1.0 h1:45sCR5RtlFHMR4UwH9sdQ5TC8v0qDQCHnXt+kaKSTVE=
github.com/kr/text v0.1.0/go.mod h1:4Jbv+DJW3UT/LiOwJeYQe1efqtUx/iVham/4vfdArNI=
github.com/labstack/echo v3.3.4+incompatible h1:83oKvzg2Fa6PN1pQfsUxlfR4MiSjsFzyxbEXKzsE0cQ=
github.com/labstack/echo v3.3.4+incompatible/go.mod h1:0INS7j/VjnFxD4E2wkz67b8cVwCLbBmJyDaka6Cmk1s=
github.com/labstack/gommon v0.2.2-0.20180312174116-6fe1405d73ec h1:Rx+UWhqj07cxoD/k7Jcwb9bC8uZ5S+2DSEPOP8MX+tY=
github.com/labstack/gommon v0.2.2-0.20180312174116-6fe1405d73ec/go.mod h1:/tj9csK2iPSBvn+3NLM9e52usepMtrd5ilFYA+wQNJ4=
github.com/mailru/easyjson v0.0.0-20180311161919-f594efddfa17 h1:8LLqUQLHmRXPjjsscJmPGxCbTPNNST9XGXe5L1Ztg7Q=
github.com/mailru/easyjson v0.0.0-20180311161919-f594efddfa17/go.mod h1:C1wdFJiN94OJF2b5HbByQZoLdCWB1Yqtg26g4irojpc=
github.com/mattn/go-colorable v0.0.9 h1:UVL0vNpWh04HeJXV0KLcaT7r06gOH2l4OW6ddYRUIY4=
github.com/mattn/go-colorable v0.0.9/go.mod h1:9vuHe8Xs5qXnSaW/c/ABM9alt+Vo+STaOChaDxuIBZU=
github.com/mattn/go-isatty v0.0.3 h1:ns/ykhmWi7G9O+8a448SecJU3nSMBXJfqQkl0upE1jI=
github.com/mattn/go-isatty v0.0.3/go.mod h1:M+lRXTBqGeGNdLjl/ufCoiOlB5xdOkqRJdNxMWT7Zi4=
github.com/mitchellh/hashstructure v0.0.0-20170609045927-2bca23e0e452 h1:hOY53G+kBFhbYFpRVxHl5eS7laP6B1+Cq+Z9Dry1iMU=
github.com/mitchellh/hashstructure v0.0.0-20170609045927-2bca23e0e452/go.mod h1:QjSHrPWS+BGUVBYkbTZWEnOh3G1DutKwClXU/ABz6AQ=
github.com/paulmach/go.geojson v1.3.1 h1:l3rD4P9W+0Du6EzGh02ZsuV9+GOa3zDchLFKrW7Hq+E=
github.com/paulmach/go.geojson v1.3.1/go.mod h1:YaKx1hKpWF+T2oj2lFJPsW/t1Q5e1jQI61eoQSTwpIs=
github.com/pkg/errors v0.8.0 h1:WdK/asTD0HN+q6hsWO3/vpuAkAr+tw6aNJNDFFf0+qw=
github.com/pkg/errors v0.8.0/go.mod h1:bwawxfHBFNV+L2hUp1rHADufV3IMtnDRdf1r5NINEl0=
github.com/pmezard/go-difflib v1.0.0 h1:4DBwDE0NGyQoBHbLQYPwSUPoCMWR5BEzIk/f1lZbAQM=
github.com/pmezard/go-difflib v1.0.0/go.mod h1:iKH77koFhYxTK1pcRnkKkqfTogsbg7gZNVY4sRDYZ/4=
github.com/stretchr/testify v1.8.4 h1:CcVxjf3Q8PM0mHUKJCdn+eZZtm5yQwehR5yeSVQQcUk=
github.com/stretchr/testify v1.8.4/go.mod h1:sz/lmYIOXD/1dqDmKjjqLyZ2RngseejIcXlSw2iwfAo=
github.com/tidwall/gjson v1.17.0 h1:/Jocvlh98kcTfpN2+JzGQWQcqrPQwDrVEMApx/M5ZwM=
github.com/tidwall/gjson v1.17.0/go.mod h1:/wbyibRr2FHMks5tjHJ5F8dMZh3AcwJEMf5vlfC0lxk=
github.com/tidwall/match v1.1.1 h1:+Ho715JplO36QYgwN9PGYNhgZvoUSc9X2c80KVTi+GA=
github.com/tidwall/match v1.1.1/go.mod h1:eRSPERbgtNPcGhD8UCthc6PmLEQXEWd3PRB5JTxsfmM=
github.com/tidwall/pretty v1.2.0 h1:RWIZEg2iJ8/g6fDDYzMpobmaoGh5OLl4AXtGUGPcqCs=
github.com/tidwall/pretty v1.2.0/go.mod h1:ITEVvHYasfjBbM0u2Pg8T2nJnzm8xPwvNhhsoaGGjNU=
github.com/tucnak/telebot v0.0.0-20170912115553-00cebf376d79 h1:KUtYa6jGqnFOOpLMmI4keBw8Ofj/2M075zzGYTl2HkU=
github.com/tucnak/telebot v0.0.0-20170912115553-00cebf376d79/go.mod h1:TCLoYDyssqVcjhkdyYu+He6eldK40im537vXoex2LM0=
github.com/valyala/bytebufferpool v1.0.0 h1:GqA5TC/0021Y/b9FG4Oi9Mr3q7XYx6KllzawFIhcdPw=
github.com/valyala/bytebufferpool v1.0.0/go.mod h1:6bBcMArwyJ5K/AmCkWv1jt77kVWyCJ6HpOuEn7z0Csc=
github.com/valyala/fasttemplate v0.0.0-20170224212429-dcecefd839c4 h1:gKMu1Bf6QINDnvyZuTaACm9ofY+PRh+5vFz4oxBZeF8=
github.com/valyala/fasttemplate v0.0.0-20170224212429-dcecefd839c4/go.mod h1:50wTf68f99/Zt14pr046Tgt3Lp2vLyFZKzbFXTOabXw=
golang.org/x/crypto v0.0.0-20180319061731-c3a3ad6d03f7 h1:ryKu9k3oWWgQUTahNaa+lDY2fruNO/7fqQVKQfl0Vmc=
golang.org/x/crypto v0.0.0-20180319061731-c3a3ad6d03f7/go.mod h1:6SG95UA2DQfeDnfUPMdvaQW0Q7yPrPDi9nlGo2tz2b4=
golang.org/x/sys v0.0.0-20180319153314-d8e400bc7db4 h1:anxQt+SXhc1OlQkU08HQ+Tw+uhVacLM7oL6RZsUgbCw=
golang.org/x/sys v0.0.0-20180319153314-d8e400bc7db4/go.mod h1:STP8DvDyc/dI5b8T5hshtkjS+E42TnysNCUPdjciGhY=
gopkg.in/check.v1 v1.0.0-20201130134442-10cb98267c6c h1:Hei/4ADfdWqJk1ZMxUNpqntNwaWcugrBjAiHlqqRiVk=
gopkg.in/check.v1 v1.0.0-20201130134442-10cb98267c6c/go.mod h1:JHkPIbrfpd72SG/EVd6muEfDQjcINNoR0C8j2r3qZ4Q=
gopkg.in/yaml.v3 v3.0.1 h1:fxVm/GzAzEWqLHuvctI91KS9hhNmmWOoWu0XTYJS7CA=
gopkg.in/yaml.v3 v3.0.1/go.mod h1:K4uyk7z7BCEPqu6E+C64Yfv1cQ7kz7rIZviUmN+EgEM=
